
Microsoft Visual Studio Solution File, Format Version 12.00
# Visual Studio Version 16
VisualStudioVersion = 16.0.30611.23
MinimumVisualStudioVersion = 10.0.40219.1
Project("{9A19103F-16F7-4668-BE54-9A1E7A4F7556}") = "WebServiceRBP", "WebServiceRBP\WebServiceRBP.csproj", "{34C5F30A-4898-4408-8649-AD0F8F47892E}"
EndProject
Project("{FAE04EC0-301F-11D3-BF4B-00C04F79EFBC}") = "WebServicesView", "WebServicesView\WebServicesView.csproj", "{697D069D-8EF2-41E4-B6EE-AAE6AC063E4F}"
EndProject
Global
	GlobalSection(SolutionConfigurationPlatforms) = preSolution
		Debug|Any CPU = Debug|Any CPU
		Release|Any CPU = Release|Any CPU
	EndGlobalSection
	GlobalSection(ProjectConfigurationPlatforms) = postSolution
		{34C5F30A-4898-4408-8649-AD0F8F47892E}.Debug|Any CPU.ActiveCfg = Debug|Any CPU
		{34C5F30A-4898-4408-8649-AD0F8F47892E}.Debug|Any CPU.Build.0 = Debug|Any CPU
		{34C5F30A-4898-4408-8649-AD0F8F47892E}.Release|Any CPU.ActiveCfg = Release|Any CPU
		{34C5F30A-4898-4408-8649-AD0F8F47892E}.Release|Any CPU.Build.0 = Release|Any CPU
		{697D069D-8EF2-41E4-B6EE-AAE6AC063E4F}.Debug|Any CPU.ActiveCfg = Debug|Any CPU
		{697D069D-8EF2-41E4-B6EE-AAE6AC063E4F}.Debug|Any CPU.Build.0 = Debug|Any CPU
		{697D069D-8EF2-41E4-B6EE-AAE6AC063E4F}.Release|Any CPU.ActiveCfg = Release|Any CPU
		{697D069D-8EF2-41E4-B6EE-AAE6AC063E4F}.Release|Any CPU.Build.0 = Release|Any CPU
	EndGlobalSection
	GlobalSection(SolutionProperties) = preSolution
		HideSolutionNode = FALSE
	EndGlobalSection
	GlobalSection(ExtensibilityGlobals) = postSolution
		SolutionGuid = {262B8390-B610-4E10-806D-38E341866620}
	EndGlobalSection
EndGlobal
